
Microsoft Visual Studio Solution File, Format Version 12.00
# Visual Studio Version 16
VisualStudioVersion = 16.0.31729.503
MinimumVisualStudioVersion = 10.0.40219.1
Project("{FAE04EC0-301F-11D3-BF4B-00C04F79EFBC}") = "StayConnected", "StayConnected\StayConnected.csproj", "{4D6BDC83-6EFC-4E49-8217-D180676DA155}"
EndProject
Global
	GlobalSection(SolutionConfigurationPlatforms) = preSolution
		Debug|Any CPU = Debug|Any CPU
		Release|Any CPU = Release|Any CPU
	EndGlobalSection
	GlobalSection(ProjectConfigurationPlatforms) = postSolution
		{4D6BDC83-6EFC-4E49-8217-D180676DA155}.Debug|Any CPU.ActiveCfg = Debug|Any CPU
		{4D6BDC83-6EFC-4E49-8217-D180676DA155}.Debug|Any CPU.Build.0 = Debug|Any CPU
		{4D6BDC83-6EFC-4E49-8217-D180676DA155}.Release|Any CPU.ActiveCfg = Release|Any CPU
		{4D6BDC83-6EFC-4E49-8217-D180676DA155}.Release|Any CPU.Build.0 = Release|Any CPU
	EndGlobalSection
	GlobalSection(SolutionProperties) = preSolution
		HideSolutionNode = FALSE
	EndGlobalSection
	GlobalSection(ExtensibilityGlobals) = postSolution
		SolutionGuid = {1A053268-32A1-4D98-AA33-246F20F6F55A}
	EndGlobalSection
EndGlobal
